// !$*UTF8*$!
{
	archiveVersion = 1;
	classes = {
	};
	objectVersion = 50;
	objects = {

/* Begin PBXBuildFile section */
		5213CB222544B87800CD0D46 /* OKmamaNovemberApp.swift in Sources */ = {isa = PBXBuildFile; fileRef = 5213CB212544B87800CD0D46 /* OKmamaNovemberApp.swift */; };
		5213CB242544B87800CD0D46 /* ContentView.swift in Sources */ = {isa = PBXBuildFile; fileRef = 5213CB232544B87800CD0D46 /* ContentView.swift */; };
		5213CB262544B87B00CD0D46 /* Assets.xcassets in Resources */ = {isa = PBXBuildFile; fileRef = 5213CB252544B87B00CD0D46 /* Assets.xcassets */; };
		5213CB292544B87B00CD0D46 /* Preview Assets.xcassets in Resources */ = {isa = PBXBuildFile; fileRef = 5213CB282544B87B00CD0D46 /* Preview Assets.xcassets */; };
		5213CB342544B87C00CD0D46 /* OKmamaNovemberTests.swift in Sources */ = {isa = PBXBuildFile; fileRef = 5213CB332544B87C00CD0D46 /* OKmamaNovemberTests.swift */; };
		5213CB3F2544B87C00CD0D46 /* OKmamaNovemberUITests.swift in Sources */ = {isa = PBXBuildFile; fileRef = 5213CB3E2544B87C00CD0D46 /* OKmamaNovemberUITests.swift */; };
/* End PBXBuildFile section */

/* Begin PBXContainerItemProxy section */
		5213CB302544B87C00CD0D46 /* PBXContainerItemProxy */ = {
			isa = PBXContainerItemProxy;
			containerPortal = 5213CB162544B87800CD0D46 /* Project object */;
			proxyType = 1;
			remoteGlobalIDString = 5213CB1D2544B87800CD0D46;
			remoteInfo = OKmamaNovember;
		};
		5213CB3B2544B87C00CD0D46 /* PBXContainerItemProxy */ = {
			isa = PBXContainerItemProxy;
			containerPortal = 5213CB162544B87800CD0D46 /* Project object */;
			proxyType = 1;
			remoteGlobalIDString = 5213CB1D2544B87800CD0D46;
			remoteInfo = OKmamaNovember;
		};
/* End PBXContainerItemProxy section */

/* Begin PBXFileReference section */
		5213CB1E2544B87800CD0D46 /* OKmamaNovember.app */ = {isa = PBXFileReference; explicitFileType = wrapper.application; includeInIndex = 0; path = OKmamaNovember.app; sourceTree = BUILT_PRODUCTS_DIR; };
		5213CB212544B87800CD0D46 /* OKmamaNovemberApp.swift */ = {isa = PBXFileReference; lastKnownFileType = sourcecode.swift; path = OKmamaNovemberApp.swift; sourceTree = "<group>"; };
		5213CB232544B87800CD0D46 /* ContentView.swift */ = {isa = PBXFileReference; lastKnownFileType = sourcecode.swift; path = ContentView.swift; sourceTree = "<group>"; };
		5213CB252544B87B00CD0D46 /* Assets.xcassets */ = {isa = PBXFileReference; lastKnownFileType = folder.assetcatalog; path = Assets.xcassets; sourceTree = "<group>"; };
		5213CB282544B87B00CD0D46 /* Preview Assets.xcassets */ = {isa = PBXFileReference; lastKnownFileType = folder.assetcatalog; path = "Preview Assets.xcassets"; sourceTree = "<group>"; };
		5213CB2A2544B87B00CD0D46 /* Info.plist */ = {isa = PBXFileReference; lastKnownFileType = text.plist.xml; path = Info.plist; sourceTree = "<group>"; };
		5213CB2F2544B87C00CD0D46 /* OKmamaNovemberTests.xctest */ = {isa = PBXFileReference; explicitFileType = wrapper.cfbundle; includeInIndex = 0; path = OKmamaNovemberTests.xctest; sourceTree = BUILT_PRODUCTS_DIR; };
		5213CB332544B87C00CD0D46 /* OKmamaNovemberTests.swift */ = {isa = PBXFileReference; lastKnownFileType = sourcecode.swift; path = OKmamaNovemberTests.swift; sourceTree = "<group>"; };
		5213CB352544B87C00CD0D46 /* Info.plist */ = {isa = PBXFileReference; lastKnownFileType = text.plist.xml; path = Info.plist; sourceTree = "<group>"; };
		5213CB3A2544B87C00CD0D46 /* OKmamaNovemberUITests.xctest */ = {isa = PBXFileReference; explicitFileType = wrapper.cfbundle; includeInIndex = 0; path = OKmamaNovemberUITests.xctest; sourceTree = BUILT_PRODUCTS_DIR; };
		5213CB3E2544B87C00CD0D46 /* OKmamaNovemberUITests.swift */ = {isa = PBXFileReference; lastKnownFileType = sourcecode.swift; path = OKmamaNovemberUITests.swift; sourceTree = "<group>"; };
		5213CB402544B87C00CD0D46 /* Info.plist */ = {isa = PBXFileReference; lastKnownFileType = text.plist.xml; path = Info.plist; sourceTree = "<group>"; };
/* End PBXFileReference section */

/* Begin PBXFrameworksBuildPhase section */
		5213CB1B2544B87800CD0D46 /* Frameworks */ = {
			isa = PBXFrameworksBuildPhase;
			buildActionMask = 2147483647;
			files = (
			);
			runOnlyForDeploymentPostprocessing = 0;
		};
		5213CB2C2544B87C00CD0D46 /* Frameworks */ = {
			isa = PBXFrameworksBuildPhase;
			buildActionMask = 2147483647;
			files = (
			);
			runOnlyForDeploymentPostprocessing = 0;
		};
		5213CB372544B87C00CD0D46 /* Frameworks */ = {
			isa = PBXFrameworksBuildPhase;
			buildActionMask = 2147483647;
			files = (
			);
			runOnlyForDeploymentPostprocessing = 0;
		};
/* End PBXFrameworksBuildPhase section */

/* Begin PBXGroup section */
		5213CB152544B87800CD0D46 = {
			isa = PBXGroup;
			children = (
				5213CB202544B87800CD0D46 /* OKmamaNovember */,
				5213CB322544B87C00CD0D46 /* OKmamaNovemberTests */,
				5213CB3D2544B87C00CD0D46 /* OKmamaNovemberUITests */,
				5213CB1F2544B87800CD0D46 /* Products */,
			);
			sourceTree = "<group>";
		};
		5213CB1F2544B87800CD0D46 /* Products */ = {
			isa = PBXGroup;
			children = (
				5213CB1E2544B87800CD0D46 /* OKmamaNovember.app */,
				5213CB2F2544B87C00CD0D46 /* OKmamaNovemberTests.xctest */,
				5213CB3A2544B87C00CD0D46 /* OKmamaNovemberUITests.xctest */,
			);
			name = Products;
			sourceTree = "<group>";
		};
		5213CB202544B87800CD0D46 /* OKmamaNovember */ = {
			isa = PBXGroup;
			children = (
				5213CB212544B87800CD0D46 /* OKmamaNovemberApp.swift */,
				5213CB232544B87800CD0D46 /* ContentView.swift */,
				5213CB252544B87B00CD0D46 /* Assets.xcassets */,
				5213CB2A2544B87B00CD0D46 /* Info.plist */,
				5213CB272544B87B00CD0D46 /* Preview Content */,
			);
			path = OKmamaNovember;
			sourceTree = "<group>";
		};
		5213CB272544B87B00CD0D46 /* Preview Content */ = {
			isa = PBXGroup;
			children = (
				5213CB282544B87B00CD0D46 /* Preview Assets.xcassets */,
			);
			path = "Preview Content";
			sourceTree = "<group>";
		};
		5213CB322544B87C00CD0D46 /* OKmamaNovemberTests */ = {
			isa = PBXGroup;
			children = (
				5213CB332544B87C00CD0D46 /* OKmamaNovemberTests.swift */,
				5213CB352544B87C00CD0D46 /* Info.plist */,
			);
			path = OKmamaNovemberTests;
			sourceTree = "<group>";
		};
		5213CB3D2544B87C00CD0D46 /* OKmamaNovemberUITests */ = {
			isa = PBXGroup;
			children = (
				5213CB3E2544B87C00CD0D46 /* OKmamaNovemberUITests.swift */,
				5213CB402544B87C00CD0D46 /* Info.plist */,
			);
			path = OKmamaNovemberUITests;
			sourceTree = "<group>";
		};
/* End PBXGroup section */

/* Begin PBXNativeTarget section */
		5213CB1D2544B87800CD0D46 /* OKmamaNovember */ = {
			isa = PBXNativeTarget;
			buildConfigurationList = 5213CB432544B87C00CD0D46 /* Build configuration list for PBXNativeTarget "OKmamaNovember" */;
			buildPhases = (
				5213CB1A2544B87800CD0D46 /* Sources */,
				5213CB1B2544B87800CD0D46 /* Frameworks */,
				5213CB1C2544B87800CD0D46 /* Resources */,
			);
			buildRules = (
			);
			dependencies = (
			);
			name = OKmamaNovember;
			productName = OKmamaNovember;
			productReference = 5213CB1E2544B87800CD0D46 /* OKmamaNovember.app */;
			productType = "com.apple.product-type.application";
		};
		5213CB2E2544B87C00CD0D46 /* OKmamaNovemberTests */ = {
			isa = PBXNativeTarget;
			buildConfigurationList = 5213CB462544B87C00CD0D46 /* Build configuration list for PBXNativeTarget "OKmamaNovemberTests" */;
			buildPhases = (
				5213CB2B2544B87C00CD0D46 /* Sources */,
				5213CB2C2544B87C00CD0D46 /* Frameworks */,
				5213CB2D2544B87C00CD0D46 /* Resources */,
			);
			buildRules = (
			);
			dependencies = (
				5213CB312544B87C00CD0D46 /* PBXTargetDependency */,
			);
			name = OKmamaNovemberTests;
			productName = OKmamaNovemberTests;
			productReference = 5213CB2F2544B87C00CD0D46 /* OKmamaNovemberTests.xctest */;
			productType = "com.apple.product-type.bundle.unit-test";
		};
		5213CB392544B87C00CD0D46 /* OKmamaNovemberUITests */ = {
			isa = PBXNativeTarget;
			buildConfigurationList = 5213CB492544B87C00CD0D46 /* Build configuration list for PBXNativeTarget "OKmamaNovemberUITests" */;
			buildPhases = (
				5213CB362544B87C00CD0D46 /* Sources */,
				5213CB372544B87C00CD0D46 /* Frameworks */,
				5213CB382544B87C00CD0D46 /* Resources */,
			);
			buildRules = (
			);
			dependencies = (
				5213CB3C2544B87C00CD0D46 /* PBXTargetDependency */,
			);
			name = OKmamaNovemberUITests;
			productName = OKmamaNovemberUITests;
			productReference = 5213CB3A2544B87C00CD0D46 /* OKmamaNovemberUITests.xctest */;
			productType = "com.apple.product-type.bundle.ui-testing";
		};
/* End PBXNativeTarget section */

/* Begin PBXProject section */
		5213CB162544B87800CD0D46 /* Project object */ = {
			isa = PBXProject;
			attributes = {
				LastSwiftUpdateCheck = 1200;
				LastUpgradeCheck = 1200;
				TargetAttributes = {
					5213CB1D2544B87800CD0D46 = {
						CreatedOnToolsVersion = 12.0.1;
					};
					5213CB2E2544B87C00CD0D46 = {
						CreatedOnToolsVersion = 12.0.1;
						TestTargetID = 5213CB1D2544B87800CD0D46;
					};
					5213CB392544B87C00CD0D46 = {
						CreatedOnToolsVersion = 12.0.1;
						TestTargetID = 5213CB1D2544B87800CD0D46;
					};
				};
			};
			buildConfigurationList = 5213CB192544B87800CD0D46 /* Build configuration list for PBXProject "OKmamaNovember" */;
			compatibilityVersion = "Xcode 9.3";
			developmentRegion = en;
			hasScannedForEncodings = 0;
			knownRegions = (
				en,
				Base,
			);
			mainGroup = 5213CB152544B87800CD0D46;
			productRefGroup = 5213CB1F2544B87800CD0D46 /* Products */;
			projectDirPath = "";
			projectRoot = "";
			targets = (
				5213CB1D2544B87800CD0D46 /* OKmamaNovember */,
				5213CB2E2544B87C00CD0D46 /* OKmamaNovemberTests */,
				5213CB392544B87C00CD0D46 /* OKmamaNovemberUITests */,
			);
		};
/* End PBXProject section */

/* Begin PBXResourcesBuildPhase section */
		5213CB1C2544B87800CD0D46 /* Resources */ = {
			isa = PBXResourcesBuildPhase;
			buildActionMask = 2147483647;
			files = (
				5213CB292544B87B00CD0D46 /* Preview Assets.xcassets in Resources */,
				5213CB262544B87B00CD0D46 /* Assets.xcassets in Resources */,
			);
			runOnlyForDeploymentPostprocessing = 0;
		};
		5213CB2D2544B87C00CD0D46 /* Resources */ = {
			isa = PBXResourcesBuildPhase;
			buildActionMask = 2147483647;
			files = (
			);
			runOnlyForDeploymentPostprocessing = 0;
		};
		5213CB382544B87C00CD0D46 /* Resources */ = {
			isa = PBXResourcesBuildPhase;
			buildActionMask = 2147483647;
			files = (
			);
			runOnlyForDeploymentPostprocessing = 0;
		};
/* End PBXResourcesBuildPhase section */

/* Begin PBXSourcesBuildPhase section */
		5213CB1A2544B87800CD0D46 /* Sources */ = {
			isa = PBXSourcesBuildPhase;
			buildActionMask = 2147483647;
			files = (
				5213CB242544B87800CD0D46 /* ContentView.swift in Sources */,
				5213CB222544B87800CD0D46 /* OKmamaNovemberApp.swift in Sources */,
			);
			runOnlyForDeploymentPostprocessing = 0;
		};
		5213CB2B2544B87C00CD0D46 /* Sources */ = {
			isa = PBXSourcesBuildPhase;
			buildActionMask = 2147483647;
			files = (
				5213CB342544B87C00CD0D46 /* OKmamaNovemberTests.swift in Sources */,
			);
			runOnlyForDeploymentPostprocessing = 0;
		};
		5213CB362544B87C00CD0D46 /* Sources */ = {
			isa = PBXSourcesBuildPhase;
			buildActionMask = 2147483647;
			files = (
				5213CB3F2544B87C00CD0D46 /* OKmamaNovemberUITests.swift in Sources */,
			);
			runOnlyForDeploymentPostprocessing = 0;
		};
/* End PBXSourcesBuildPhase section */

/* Begin PBXTargetDependency section */
		5213CB312544B87C00CD0D46 /* PBXTargetDependency */ = {
			isa = PBXTargetDependency;
			target = 5213CB1D2544B87800CD0D46 /* OKmamaNovember */;
			targetProxy = 5213CB302544B87C00CD0D46 /* PBXContainerItemProxy */;
		};
		5213CB3C2544B87C00CD0D46 /* PBXTargetDependency */ = {
			isa = PBXTargetDependency;
			target = 5213CB1D2544B87800CD0D46 /* OKmamaNovember */;
			targetProxy = 5213CB3B2544B87C00CD0D46 /* PBXContainerItemProxy */;
		};
/* End PBXTargetDependency section */

/* Begin XCBuildConfiguration section */
		5213CB412544B87C00CD0D46 /* Debug */ = {
			isa = XCBuildConfiguration;
			buildSettings = {
				ALWAYS_SEARCH_USER_PATHS = NO;
				CLANG_ANALYZER_NONNULL = YES;
				CLANG_ANALYZER_NUMBER_OBJECT_CONVERSION = YES_AGGRESSIVE;
				CLANG_CXX_LANGUAGE_STANDARD = "gnu++14";
				CLANG_CXX_LIBRARY = "libc++";
				CLANG_ENABLE_MODULES = YES;
				CLANG_ENABLE_OBJC_ARC = YES;
				CLANG_ENABLE_OBJC_WEAK = YES;
				CLANG_WARN_BLOCK_CAPTURE_AUTORELEASING = YES;
				CLANG_WARN_BOOL_CONVERSION = YES;
				CLANG_WARN_COMMA = YES;
				CLANG_WARN_CONSTANT_CONVERSION = YES;
				CLANG_WARN_DEPRECATED_OBJC_IMPLEMENTATIONS = YES;
				CLANG_WARN_DIRECT_OBJC_ISA_USAGE = YES_ERROR;
				CLANG_WARN_DOCUMENTATION_COMMENTS = YES;
				CLANG_WARN_EMPTY_BODY = YES;
				CLANG_WARN_ENUM_CONVERSION = YES;
				CLANG_WARN_INFINITE_RECURSION = YES;
				CLANG_WARN_INT_CONVERSION = YES;
				CLANG_WARN_NON_LITERAL_NULL_CONVERSION = YES;
				CLANG_WARN_OBJC_IMPLICIT_RETAIN_SELF = YES;
				CLANG_WARN_OBJC_LITERAL_CONVERSION = YES;
				CLANG_WARN_OBJC_ROOT_CLASS = YES_ERROR;
				CLANG_WARN_QUOTED_INCLUDE_IN_FRAMEWORK_HEADER = YES;
				CLANG_WARN_RANGE_LOOP_ANALYSIS = YES;
				CLANG_WARN_STRICT_PROTOTYPES = YES;
				CLANG_WARN_SUSPICIOUS_MOVE = YES;
				CLANG_WARN_UNGUARDED_AVAILABILITY = YES_AGGRESSIVE;
				CLANG_WARN_UNREACHABLE_CODE = YES;
				CLANG_WARN__DUPLICATE_METHOD_MATCH = YES;
				COPY_PHASE_STRIP = NO;
				DEBUG_INFORMATION_FORMAT = dwarf;
				ENABLE_STRICT_OBJC_MSGSEND = YES;
				ENABLE_TESTABILITY = YES;
				GCC_C_LANGUAGE_STANDARD = gnu11;
				GCC_DYNAMIC_NO_PIC = NO;
				GCC_NO_COMMON_BLOCKS = YES;
				GCC_OPTIMIZATION_LEVEL = 0;
				GCC_PREPROCESSOR_DEFINITIONS = (
					"DEBUG=1",
					"$(inherited)",
				);
				GCC_WARN_64_TO_32_BIT_CONVERSION = YES;
				GCC_WARN_ABOUT_RETURN_TYPE = YES_ERROR;
				GCC_WARN_UNDECLARED_SELECTOR = YES;
				GCC_WARN_UNINITIALIZED_AUTOS = YES_AGGRESSIVE;
				GCC_WARN_UNUSED_FUNCTION = YES;
				GCC_WARN_UNUSED_VARIABLE = YES;
				IPHONEOS_DEPLOYMENT_TARGET = 14.0;
				MTL_ENABLE_DEBUG_INFO = INCLUDE_SOURCE;
				MTL_FAST_MATH = YES;
				ONLY_ACTIVE_ARCH = YES;
				SDKROOT = iphoneos;
				SWIFT_ACTIVE_COMPILATION_CONDITIONS = DEBUG;
				SWIFT_OPTIMIZATION_LEVEL = "-Onone";
			};
			name = Debug;
		};
		5213CB422544B87C00CD0D46 /* Release */ = {
			isa = XCBuildConfiguration;
			buildSettings = {
				ALWAYS_SEARCH_USER_PATHS = NO;
				CLANG_ANALYZER_NONNULL = YES;
				CLANG_ANALYZER_NUMBER_OBJECT_CONVERSION = YES_AGGRESSIVE;
				CLANG_CXX_LANGUAGE_STANDARD = "gnu++14";
				CLANG_CXX_LIBRARY = "libc++";
				CLANG_ENABLE_MODULES = YES;
				CLANG_ENABLE_OBJC_ARC = YES;
				CLANG_ENABLE_OBJC_WEAK = YES;
				CLANG_WARN_BLOCK_CAPTURE_AUTORELEASING = YES;
				CLANG_WARN_BOOL_CONVERSION = YES;
				CLANG_WARN_COMMA = YES;
				CLANG_WARN_CONSTANT_CONVERSION = YES;
				CLANG_WARN_DEPRECATED_OBJC_IMPLEMENTATIONS = YES;
				CLANG_WARN_DIRECT_OBJC_ISA_USAGE = YES_ERROR;
				CLANG_WARN_DOCUMENTATION_COMMENTS = YES;
				CLANG_WARN_EMPTY_BODY = YES;
				CLANG_WARN_ENUM_CONVERSION = YES;
				CLANG_WARN_INFINITE_RECURSION = YES;
				CLANG_WARN_INT_CONVERSION = YES;
				CLANG_WARN_NON_LITERAL_NULL_CONVERSION = YES;
				CLANG_WARN_OBJC_IMPLICIT_RETAIN_SELF = YES;
				CLANG_WARN_OBJC_LITERAL_CONVERSION = YES;
				CLANG_WARN_OBJC_ROOT_CLASS = YES_ERROR;
				CLANG_WARN_QUOTED_INCLUDE_IN_FRAMEWORK_HEADER = YES;
				CLANG_WARN_RANGE_LOOP_ANALYSIS = YES;
				CLANG_WARN_STRICT_PROTOTYPES = YES;
				CLANG_WARN_SUSPICIOUS_MOVE = YES;
				CLANG_WARN_UNGUARDED_AVAILABILITY = YES_AGGRESSIVE;
				CLANG_WARN_UNREACHABLE_CODE = YES;
				CLANG_WARN__DUPLICATE_METHOD_MATCH = YES;
				COPY_PHASE_STRIP = NO;
				DEBUG_INFORMATION_FORMAT = "dwarf-with-dsym";
				ENABLE_NS_ASSERTIONS = NO;
				ENABLE_STRICT_OBJC_MSGSEND = YES;
				GCC_C_LANGUAGE_STANDARD = gnu11;
				GCC_NO_COMMON_BLOCKS = YES;
				GCC_WARN_64_TO_32_BIT_CONVERSION = YES;
				GCC_WARN_ABOUT_RETURN_TYPE = YES_ERROR;
				GCC_WARN_UNDECLARED_SELECTOR = YES;
				GCC_WARN_UNINITIALIZED_AUTOS = YES_AGGRESSIVE;
				GCC_WARN_UNUSED_FUNCTION = YES;
				GCC_WARN_UNUSED_VARIABLE = YES;
				IPHONEOS_DEPLOYMENT_TARGET = 14.0;
				MTL_ENABLE_DEBUG_INFO = NO;
				MTL_FAST_MATH = YES;
				SDKROOT = iphoneos;
				SWIFT_COMPILATION_MODE = wholemodule;
				SWIFT_OPTIMIZATION_LEVEL = "-O";
				VALIDATE_PRODUCT = YES;
			};
			name = Release;
		};
		5213CB442544B87C00CD0D46 /* Debug */ = {
			isa = XCBuildConfiguration;
			buildSettings = {
				ASSETCATALOG_COMPILER_APPICON_NAME = AppIcon;
				ASSETCATALOG_COMPILER_GLOBAL_ACCENT_COLOR_NAME = AccentColor;
				CODE_SIGN_STYLE = Automatic;
				DEVELOPMENT_ASSET_PATHS = "\"OKmamaNovember/Preview Content\"";
				DEVELOPMENT_TEAM = R2JC3MP5X8;
				ENABLE_PREVIEWS = YES;
				INFOPLIST_FILE = OKmamaNovember/Info.plist;
				IPHONEOS_DEPLOYMENT_TARGET = 14.0;
				LD_RUNPATH_SEARCH_PATHS = (
					"$(inherited)",
					"@executable_path/Frameworks",
				);
				PRODUCT_BUNDLE_IDENTIFIER = com.example.OKmamaNovember;
				PRODUCT_NAME = "$(TARGET_NAME)";
				SWIFT_VERSION = 5.0;
				TARGETED_DEVICE_FAMILY = "1,2";
			};
			name = Debug;
		};
		5213CB452544B87C00CD0D46 /* Release */ = {
			isa = XCBuildConfiguration;
			buildSettings = {
				ASSETCATALOG_COMPILER_APPICON_NAME = AppIcon;
				ASSETCATALOG_COMPILER_GLOBAL_ACCENT_COLOR_NAME = AccentColor;
				CODE_SIGN_STYLE = Automatic;
				DEVELOPMENT_ASSET_PATHS = "\"OKmamaNovember/Preview Content\"";
				DEVELOPMENT_TEAM = R2JC3MP5X8;
				ENABLE_PREVIEWS = YES;
				INFOPLIST_FILE = OKmamaNovember/Info.plist;
				IPHONEOS_DEPLOYMENT_TARGET = 14.0;
				LD_RUNPATH_SEARCH_PATHS = (
					"$(inherited)",
					"@executable_path/Frameworks",
				);
				PRODUCT_BUNDLE_IDENTIFIER = com.example.OKmamaNovember;
				PRODUCT_NAME = "$(TARGET_NAME)";
				SWIFT_VERSION = 5.0;
				TARGETED_DEVICE_FAMILY = "1,2";
			};
			name = Release;
		};
		5213CB472544B87C00CD0D46 /* Debug */ = {
			isa = XCBuildConfiguration;
			buildSettings = {
				ALWAYS_EMBED_SWIFT_STANDARD_LIBRARIES = YES;
				BUNDLE_LOADER = "$(TEST_HOST)";
				CODE_SIGN_STYLE = Automatic;
				DEVELOPMENT_TEAM = R2JC3MP5X8;
				INFOPLIST_FILE = OKmamaNovemberTests/Info.plist;
				IPHONEOS_DEPLOYMENT_TARGET = 14.0;
				LD_RUNPATH_SEARCH_PATHS = (
					"$(inherited)",
					"@executable_path/Frameworks",
					"@loader_path/Frameworks",
				);
				PRODUCT_BUNDLE_IDENTIFIER = com.example.OKmamaNovemberTests;
				PRODUCT_NAME = "$(TARGET_NAME)";
				SWIFT_VERSION = 5.0;
				TARGETED_DEVICE_FAMILY = "1,2";
				TEST_HOST = "$(BUILT_PRODUCTS_DIR)/OKmamaNovember.app/OKmamaNovember";
			};
			name = Debug;
		};
		5213CB482544B87C00CD0D46 /* Release */ = {
			isa = XCBuildConfiguration;
			buildSettings = {
				ALWAYS_EMBED_SWIFT_STANDARD_LIBRARIES = YES;
				BUNDLE_LOADER = "$(TEST_HOST)";
				CODE_SIGN_STYLE = Automatic;
				DEVELOPMENT_TEAM = R2JC3MP5X8;
				INFOPLIST_FILE = OKmamaNovemberTests/Info.plist;
				IPHONEOS_DEPLOYMENT_TARGET = 14.0;
				LD_RUNPATH_SEARCH_PATHS = (
					"$(inherited)",
					"@executable_path/Frameworks",
					"@loader_path/Frameworks",
				);
				PRODUCT_BUNDLE_IDENTIFIER = com.example.OKmamaNovemberTests;
				PRODUCT_NAME = "$(TARGET_NAME)";
				SWIFT_VERSION = 5.0;
				TARGETED_DEVICE_FAMILY = "1,2";
				TEST_HOST = "$(BUILT_PRODUCTS_DIR)/OKmamaNovember.app/OKmamaNovember";
			};
			name = Release;
		};
		5213CB4A2544B87C00CD0D46 /* Debug */ = {
			isa = XCBuildConfiguration;
			buildSettings = {
				ALWAYS_EMBED_SWIFT_STANDARD_LIBRARIES = YES;
				CODE_SIGN_STYLE = Automatic;
				DEVELOPMENT_TEAM = R2JC3MP5X8;
				INFOPLIST_FILE = OKmamaNovemberUITests/Info.plist;
				LD_RUNPATH_SEARCH_PATHS = (
					"$(inherited)",
					"@executable_path/Frameworks",
					"@loader_path/Frameworks",
				);
				PRODUCT_BUNDLE_IDENTIFIER = com.example.OKmamaNovemberUITests;
				PRODUCT_NAME = "$(TARGET_NAME)";
				SWIFT_VERSION = 5.0;
				TARGETED_DEVICE_FAMILY = "1,2";
				TEST_TARGET_NAME = OKmamaNovember;
			};
			name = Debug;
		};
		5213CB4B2544B87C00CD0D46 /* Release */ = {
			isa = XCBuildConfiguration;
			buildSettings = {
				ALWAYS_EMBED_SWIFT_STANDARD_LIBRARIES = YES;
				CODE_SIGN_STYLE = Automatic;
				DEVELOPMENT_TEAM = R2JC3MP5X8;
				INFOPLIST_FILE = OKmamaNovemberUITests/Info.plist;
				LD_RUNPATH_SEARCH_PATHS = (
					"$(inherited)",
					"@executable_path/Frameworks",
					"@loader_path/Frameworks",
				);
				PRODUCT_BUNDLE_IDENTIFIER = com.example.OKmamaNovemberUITests;
				PRODUCT_NAME = "$(TARGET_NAME)";
				SWIFT_VERSION = 5.0;
				TARGETED_DEVICE_FAMILY = "1,2";
				TEST_TARGET_NAME = OKmamaNovember;
			};
			name = Release;
		};
/* End XCBuildConfiguration section */

/* Begin XCConfigurationList section */
		5213CB192544B87800CD0D46 /* Build configuration list for PBXProject "OKmamaNovember" */ = {
			isa = XCConfigurationList;
			buildConfigurations = (
				5213CB412544B87C00CD0D46 /* Debug */,
				5213CB422544B87C00CD0D46 /* Release */,
			);
			defaultConfigurationIsVisible = 0;
			defaultConfigurationName = Release;
		};
		5213CB432544B87C00CD0D46 /* Build configuration list for PBXNativeTarget "OKmamaNovember" */ = {
			isa = XCConfigurationList;
			buildConfigurations = (
				5213CB442544B87C00CD0D46 /* Debug */,
				5213CB452544B87C00CD0D46 /* Release */,
			);
			defaultConfigurationIsVisible = 0;
			defaultConfigurationName = Release;
		};
		5213CB462544B87C00CD0D46 /* Build configuration list for PBXNativeTarget "OKmamaNovemberTests" */ = {
			isa = XCConfigurationList;
			buildConfigurations = (
				5213CB472544B87C00CD0D46 /* Debug */,
				5213CB482544B87C00CD0D46 /* Release */,
			);
			defaultConfigurationIsVisible = 0;
			defaultConfigurationName = Release;
		};
		5213CB492544B87C00CD0D46 /* Build configuration list for PBXNativeTarget "OKmamaNovemberUITests" */ = {
			isa = XCConfigurationList;
			buildConfigurations = (
				5213CB4A2544B87C00CD0D46 /* Debug */,
				5213CB4B2544B87C00CD0D46 /* Release */,
			);
			defaultConfigurationIsVisible = 0;
			defaultConfigurationName = Release;
		};
/* End XCConfigurationList section */
	};
	rootObject = 5213CB162544B87800CD0D46 /* Project object */;
}
